
Microsoft Visual Studio Solution File, Format Version 12.00
# Visual Studio Version 17
VisualStudioVersion = 17.9.34728.123
MinimumVisualStudioVersion = 10.0.40219.1
Project("{9A19103F-16F7-4668-BE54-9A1E7A4F7556}") = "DemoSite", "DemoSite\DemoSite.csproj", "{D1E2A23A-FDD0-45F6-BC85-8BEE6EEB69E8}"
EndProject
Project("{9A19103F-16F7-4668-BE54-9A1E7A4F7556}") = "DemoSite.IntegrationTests", "DemoSite.IntegrationTests\DemoSite.IntegrationTests.csproj", "{788A2AD5-ABE9-4551-B86C-DE69340CA508}"
EndProject
Project("{9A19103F-16F7-4668-BE54-9A1E7A4F7556}") = "DemoSite.UnitTests", "DemoSite.UnitTests\DemoSite.UnitTests.csproj", "{5B7787B1-A6DB-4C03-B438-E0B6B02AB7A4}"
EndProject
Global
	GlobalSection(SolutionConfigurationPlatforms) = preSolution
		Debug|Any CPU = Debug|Any CPU
		Release|Any CPU = Release|Any CPU
	EndGlobalSection
	GlobalSection(ProjectConfigurationPlatforms) = postSolution
		{D1E2A23A-FDD0-45F6-BC85-8BEE6EEB69E8}.Debug|Any CPU.ActiveCfg = Debug|Any CPU
		{D1E2A23A-FDD0-45F6-BC85-8BEE6EEB69E8}.Debug|Any CPU.Build.0 = Debug|Any CPU
		{D1E2A23A-FDD0-45F6-BC85-8BEE6EEB69E8}.Release|Any CPU.ActiveCfg = Release|Any CPU
		{D1E2A23A-FDD0-45F6-BC85-8BEE6EEB69E8}.Release|Any CPU.Build.0 = Release|Any CPU
		{788A2AD5-ABE9-4551-B86C-DE69340CA508}.Debug|Any CPU.ActiveCfg = Debug|Any CPU
		{788A2AD5-ABE9-4551-B86C-DE69340CA508}.Debug|Any CPU.Build.0 = Debug|Any CPU
		{788A2AD5-ABE9-4551-B86C-DE69340CA508}.Release|Any CPU.ActiveCfg = Release|Any CPU
		{788A2AD5-ABE9-4551-B86C-DE69340CA508}.Release|Any CPU.Build.0 = Release|Any CPU
		{5B7787B1-A6DB-4C03-B438-E0B6B02AB7A4}.Debug|Any CPU.ActiveCfg = Debug|Any CPU
		{5B7787B1-A6DB-4C03-B438-E0B6B02AB7A4}.Debug|Any CPU.Build.0 = Debug|Any CPU
		{5B7787B1-A6DB-4C03-B438-E0B6B02AB7A4}.Release|Any CPU.ActiveCfg = Release|Any CPU
		{5B7787B1-A6DB-4C03-B438-E0B6B02AB7A4}.Release|Any CPU.Build.0 = Release|Any CPU
	EndGlobalSection
	GlobalSection(SolutionProperties) = preSolution
		HideSolutionNode = FALSE
	EndGlobalSection
	GlobalSection(ExtensibilityGlobals) = postSolution
		SolutionGuid = {C0CBEC6D-4134-419D-B880-62AC9D36C86C}
	EndGlobalSection
EndGlobal
